
Microsoft Visual Studio Solution File, Format Version 12.00
# Visual Studio Version 17
VisualStudioVersion = 17.12.35728.132
MinimumVisualStudioVersion = 10.0.40219.1
Project("{FAE04EC0-301F-11D3-BF4B-00C04F79EFBC}") = "StableDiffusionSharp", "StableDiffusionSharp\StableDiffusionSharp.csproj", "{BF6F0C17-D34A-4EFB-9194-DF0ED1FBB4D8}"
EndProject
Project("{FAE04EC0-301F-11D3-BF4B-00C04F79EFBC}") = "StableDiffusionDemo_Console", "StableDiffusionDemo_Console\StableDiffusionDemo_Console.csproj", "{4F4250A4-B849-4821-AFA5-F8B5191BF08C}"
EndProject
Project("{FAE04EC0-301F-11D3-BF4B-00C04F79EFBC}") = "StableDiffusionDemo_Winform", "StableDiffusionDemo_Winform\StableDiffusionDemo_Winform.csproj", "{7860DFE9-EC36-44B3-81E8-817029B849B5}"
EndProject
Global
	GlobalSection(SolutionConfigurationPlatforms) = preSolution
		Debug|Any CPU = Debug|Any CPU
		Release|Any CPU = Release|Any CPU
	EndGlobalSection
	GlobalSection(ProjectConfigurationPlatforms) = postSolution
		{BF6F0C17-D34A-4EFB-9194-DF0ED1FBB4D8}.Debug|Any CPU.ActiveCfg = Debug|Any CPU
		{BF6F0C17-D34A-4EFB-9194-DF0ED1FBB4D8}.Debug|Any CPU.Build.0 = Debug|Any CPU
		{BF6F0C17-D34A-4EFB-9194-DF0ED1FBB4D8}.Release|Any CPU.ActiveCfg = Release|Any CPU
		{BF6F0C17-D34A-4EFB-9194-DF0ED1FBB4D8}.Release|Any CPU.Build.0 = Release|Any CPU
		{4F4250A4-B849-4821-AFA5-F8B5191BF08C}.Debug|Any CPU.ActiveCfg = Debug|Any CPU
		{4F4250A4-B849-4821-AFA5-F8B5191BF08C}.Debug|Any CPU.Build.0 = Debug|Any CPU
		{4F4250A4-B849-4821-AFA5-F8B5191BF08C}.Release|Any CPU.ActiveCfg = Release|Any CPU
		{4F4250A4-B849-4821-AFA5-F8B5191BF08C}.Release|Any CPU.Build.0 = Release|Any CPU
		{7860DFE9-EC36-44B3-81E8-817029B849B5}.Debug|Any CPU.ActiveCfg = Debug|Any CPU
		{7860DFE9-EC36-44B3-81E8-817029B849B5}.Debug|Any CPU.Build.0 = Debug|Any CPU
		{7860DFE9-EC36-44B3-81E8-817029B849B5}.Release|Any CPU.ActiveCfg = Release|Any CPU
		{7860DFE9-EC36-44B3-81E8-817029B849B5}.Release|Any CPU.Build.0 = Release|Any CPU
	EndGlobalSection
	GlobalSection(SolutionProperties) = preSolution
		HideSolutionNode = FALSE
	EndGlobalSection
	GlobalSection(ExtensibilityGlobals) = postSolution
		SolutionGuid = {2D950EF2-E5CA-4631-8B81-9E0974E394D7}
	EndGlobalSection
EndGlobal
