
Microsoft Visual Studio Solution File, Format Version 12.00
# Visual Studio Version 17
VisualStudioVersion = 17.9.34616.47
MinimumVisualStudioVersion = 10.0.40219.1
Project("{FAE04EC0-301F-11D3-BF4B-00C04F79EFBC}") = "StableDiffusionSharp", "StableDiffusionSharp\StableDiffusionSharp.csproj", "{ACD5A831-D486-4971-89EF-BEADD62F4376}"
EndProject
Project("{FAE04EC0-301F-11D3-BF4B-00C04F79EFBC}") = "StableDiffusionSharpGUI", "StableDiffusionSharpGUI\StableDiffusionSharpGUI.csproj", "{9B29D40E-8DF6-45E9-B251-576E1A809D6C}"
EndProject
Global
	GlobalSection(SolutionConfigurationPlatforms) = preSolution
		Debug|Any CPU = Debug|Any CPU
		Release|Any CPU = Release|Any CPU
	EndGlobalSection
	GlobalSection(ProjectConfigurationPlatforms) = postSolution
		{ACD5A831-D486-4971-89EF-BEADD62F4376}.Debug|Any CPU.ActiveCfg = Debug|Any CPU
		{ACD5A831-D486-4971-89EF-BEADD62F4376}.Debug|Any CPU.Build.0 = Debug|Any CPU
		{ACD5A831-D486-4971-89EF-BEADD62F4376}.Release|Any CPU.ActiveCfg = Release|Any CPU
		{ACD5A831-D486-4971-89EF-BEADD62F4376}.Release|Any CPU.Build.0 = Release|Any CPU
		{9B29D40E-8DF6-45E9-B251-576E1A809D6C}.Debug|Any CPU.ActiveCfg = Debug|Any CPU
		{9B29D40E-8DF6-45E9-B251-576E1A809D6C}.Debug|Any CPU.Build.0 = Debug|Any CPU
		{9B29D40E-8DF6-45E9-B251-576E1A809D6C}.Release|Any CPU.ActiveCfg = Release|Any CPU
		{9B29D40E-8DF6-45E9-B251-576E1A809D6C}.Release|Any CPU.Build.0 = Release|Any CPU
	EndGlobalSection
	GlobalSection(SolutionProperties) = preSolution
		HideSolutionNode = FALSE
	EndGlobalSection
	GlobalSection(ExtensibilityGlobals) = postSolution
		SolutionGuid = {C353AE57-D643-46F2-896A-46635662AC9B}
	EndGlobalSection
EndGlobal
